
Microsoft Visual Studio Solution File, Format Version 12.00
# Visual Studio Version 18
VisualStudioVersion = 18.4.11605.240
MinimumVisualStudioVersion = 10.0.40219.1
Project("{2150E333-8FDC-42A3-9474-1A3956D46DE8}") = "src", "src", "{A1B2C3D4-0001-0001-0001-000000000001}"
EndProject
Project("{2150E333-8FDC-42A3-9474-1A3956D46DE8}") = "tests", "tests", "{A1B2C3D4-0002-0001-0001-000000000001}"
EndProject
Project("{FAE04EC0-301F-11D3-BF4B-00C04F79EFBC}") = "MAIS.Core", "src\MAIS.Core\MAIS.Core.csproj", "{A1B2C3D4-1001-0001-0001-000000000001}"
EndProject
Project("{FAE04EC0-301F-11D3-BF4B-00C04F79EFBC}") = "MAIS.Infrastructure", "src\MAIS.Infrastructure\MAIS.Infrastructure.csproj", "{A1B2C3D4-1002-0001-0001-000000000001}"
EndProject
Project("{FAE04EC0-301F-11D3-BF4B-00C04F79EFBC}") = "MAIS.Sidebar", "src\MAIS.Sidebar\MAIS.Sidebar.csproj", "{A1B2C3D4-1004-0001-0001-000000000001}"
EndProject
Project("{FAE04EC0-301F-11D3-BF4B-00C04F79EFBC}") = "MAIS.Core.Tests", "tests\MAIS.Core.Tests\MAIS.Core.Tests.csproj", "{A1B2C3D4-2001-0001-0001-000000000001}"
EndProject
Project("{FAE04EC0-301F-11D3-BF4B-00C04F79EFBC}") = "MAIS.Modules.CrimsSeverity", "src\MAIS.Modules.CrimsSeverity\MAIS.Modules.CrimsSeverity.csproj", "{FF4AFA73-7717-D5F6-2F88-BFE0CC16261B}"
EndProject
Project("{FAE04EC0-301F-11D3-BF4B-00C04F79EFBC}") = "MAIS.Sidebar.Abstractions", "src\MAIS.Sidebar.Abstractions\MAIS.Sidebar.Abstractions.csproj", "{F3884D42-2063-CBCE-ED40-D72F6DB0FD6C}"
EndProject
Project("{FAE04EC0-301F-11D3-BF4B-00C04F79EFBC}") = "MAIS.Server.Service", "src\MAIS.Server.Service\MAIS.Server.Service.csproj", "{B3B7ED1A-E15A-4F35-92A6-2E65C0450397}"
EndProject
Project("{FAE04EC0-301F-11D3-BF4B-00C04F79EFBC}") = "MAIS.Client.Service", "src\MAIS.Client.Service\MAIS.Client.Service.csproj", "{661ACB98-4789-4D5A-B695-6C3D39ED8C45}"
EndProject
Project("{FAE04EC0-301F-11D3-BF4B-00C04F79EFBC}") = "MAIS.Integration.Tests", "tests\MAIS.Integration.Tests\MAIS.Integration.Tests.csproj", "{BEB7BEFD-E9B4-4F2A-AE2F-44F18C58323E}"
EndProject
Project("{FAE04EC0-301F-11D3-BF4B-00C04F79EFBC}") = "MAIS.Modules.CrimsAddinHealth", "src\MAIS.Modules.CrimsAddinHealth\MAIS.Modules.CrimsAddinHealth.csproj", "{AC9CA70E-8616-716D-7BE5-5310DA71B7E2}"
EndProject
Global
	GlobalSection(SolutionConfigurationPlatforms) = preSolution
		Debug|Any CPU = Debug|Any CPU
		Debug|x64 = Debug|x64
		Debug|x86 = Debug|x86
		Release|Any CPU = Release|Any CPU
		Release|x64 = Release|x64
		Release|x86 = Release|x86
	EndGlobalSection
	GlobalSection(ProjectConfigurationPlatforms) = postSolution
		{A1B2C3D4-1001-0001-0001-000000000001}.Debug|Any CPU.ActiveCfg = Debug|Any CPU
		{A1B2C3D4-1001-0001-0001-000000000001}.Debug|Any CPU.Build.0 = Debug|Any CPU
		{A1B2C3D4-1001-0001-0001-000000000001}.Debug|x64.ActiveCfg = Debug|Any CPU
		{A1B2C3D4-1001-0001-0001-000000000001}.Debug|x64.Build.0 = Debug|Any CPU
		{A1B2C3D4-1001-0001-0001-000000000001}.Debug|x86.ActiveCfg = Debug|Any CPU
		{A1B2C3D4-1001-0001-0001-000000000001}.Debug|x86.Build.0 = Debug|Any CPU
		{A1B2C3D4-1001-0001-0001-000000000001}.Release|Any CPU.ActiveCfg = Release|Any CPU
		{A1B2C3D4-1001-0001-0001-000000000001}.Release|Any CPU.Build.0 = Release|Any CPU
		{A1B2C3D4-1001-0001-0001-000000000001}.Release|x64.ActiveCfg = Release|Any CPU
		{A1B2C3D4-1001-0001-0001-000000000001}.Release|x64.Build.0 = Release|Any CPU
		{A1B2C3D4-1001-0001-0001-000000000001}.Release|x86.ActiveCfg = Release|Any CPU
		{A1B2C3D4-1001-0001-0001-000000000001}.Release|x86.Build.0 = Release|Any CPU
		{A1B2C3D4-1002-0001-0001-000000000001}.Debug|Any CPU.ActiveCfg = Debug|Any CPU
		{A1B2C3D4-1002-0001-0001-000000000001}.Debug|Any CPU.Build.0 = Debug|Any CPU
		{A1B2C3D4-1002-0001-0001-000000000001}.Debug|x64.ActiveCfg = Debug|Any CPU
		{A1B2C3D4-1002-0001-0001-000000000001}.Debug|x64.Build.0 = Debug|Any CPU
		{A1B2C3D4-1002-0001-0001-000000000001}.Debug|x86.ActiveCfg = Debug|Any CPU
		{A1B2C3D4-1002-0001-0001-000000000001}.Debug|x86.Build.0 = Debug|Any CPU
		{A1B2C3D4-1002-0001-0001-000000000001}.Release|Any CPU.ActiveCfg = Release|Any CPU
		{A1B2C3D4-1002-0001-0001-000000000001}.Release|Any CPU.Build.0 = Release|Any CPU
		{A1B2C3D4-1002-0001-0001-000000000001}.Release|x64.ActiveCfg = Release|Any CPU
		{A1B2C3D4-1002-0001-0001-000000000001}.Release|x64.Build.0 = Release|Any CPU
		{A1B2C3D4-1002-0001-0001-000000000001}.Release|x86.ActiveCfg = Release|Any CPU
		{A1B2C3D4-1002-0001-0001-000000000001}.Release|x86.Build.0 = Release|Any CPU
		{A1B2C3D4-1004-0001-0001-000000000001}.Debug|Any CPU.ActiveCfg = Debug|Any CPU
		{A1B2C3D4-1004-0001-0001-000000000001}.Debug|Any CPU.Build.0 = Debug|Any CPU
		{A1B2C3D4-1004-0001-0001-000000000001}.Debug|x64.ActiveCfg = Debug|Any CPU
		{A1B2C3D4-1004-0001-0001-000000000001}.Debug|x64.Build.0 = Debug|Any CPU
		{A1B2C3D4-1004-0001-0001-000000000001}.Debug|x86.ActiveCfg = Debug|Any CPU
		{A1B2C3D4-1004-0001-0001-000000000001}.Debug|x86.Build.0 = Debug|Any CPU
		{A1B2C3D4-1004-0001-0001-000000000001}.Release|Any CPU.ActiveCfg = Release|Any CPU
		{A1B2C3D4-1004-0001-0001-000000000001}.Release|Any CPU.Build.0 = Release|Any CPU
		{A1B2C3D4-1004-0001-0001-000000000001}.Release|x64.ActiveCfg = Release|Any CPU
		{A1B2C3D4-1004-0001-0001-000000000001}.Release|x64.Build.0 = Release|Any CPU
		{A1B2C3D4-1004-0001-0001-000000000001}.Release|x86.ActiveCfg = Release|Any CPU
		{A1B2C3D4-1004-0001-0001-000000000001}.Release|x86.Build.0 = Release|Any CPU
		{A1B2C3D4-2001-0001-0001-000000000001}.Debug|Any CPU.ActiveCfg = Debug|Any CPU
		{A1B2C3D4-2001-0001-0001-000000000001}.Debug|Any CPU.Build.0 = Debug|Any CPU
		{A1B2C3D4-2001-0001-0001-000000000001}.Debug|x64.ActiveCfg = Debug|Any CPU
		{A1B2C3D4-2001-0001-0001-000000000001}.Debug|x64.Build.0 = Debug|Any CPU
		{A1B2C3D4-2001-0001-0001-000000000001}.Debug|x86.ActiveCfg = Debug|Any CPU
		{A1B2C3D4-2001-0001-0001-000000000001}.Debug|x86.Build.0 = Debug|Any CPU
		{A1B2C3D4-2001-0001-0001-000000000001}.Release|Any CPU.ActiveCfg = Release|Any CPU
		{A1B2C3D4-2001-0001-0001-000000000001}.Release|Any CPU.Build.0 = Release|Any CPU
		{A1B2C3D4-2001-0001-0001-000000000001}.Release|x64.ActiveCfg = Release|Any CPU
		{A1B2C3D4-2001-0001-0001-000000000001}.Release|x64.Build.0 = Release|Any CPU
		{A1B2C3D4-2001-0001-0001-000000000001}.Release|x86.ActiveCfg = Release|Any CPU
		{A1B2C3D4-2001-0001-0001-000000000001}.Release|x86.Build.0 = Release|Any CPU
		{FF4AFA73-7717-D5F6-2F88-BFE0CC16261B}.Debug|Any CPU.ActiveCfg = Debug|Any CPU
		{FF4AFA73-7717-D5F6-2F88-BFE0CC16261B}.Debug|Any CPU.Build.0 = Debug|Any CPU
		{FF4AFA73-7717-D5F6-2F88-BFE0CC16261B}.Debug|x64.ActiveCfg = Debug|Any CPU
		{FF4AFA73-7717-D5F6-2F88-BFE0CC16261B}.Debug|x64.Build.0 = Debug|Any CPU
		{FF4AFA73-7717-D5F6-2F88-BFE0CC16261B}.Debug|x86.ActiveCfg = Debug|Any CPU
		{FF4AFA73-7717-D5F6-2F88-BFE0CC16261B}.Debug|x86.Build.0 = Debug|Any CPU
		{FF4AFA73-7717-D5F6-2F88-BFE0CC16261B}.Release|Any CPU.ActiveCfg = Release|Any CPU
		{FF4AFA73-7717-D5F6-2F88-BFE0CC16261B}.Release|Any CPU.Build.0 = Release|Any CPU
		{FF4AFA73-7717-D5F6-2F88-BFE0CC16261B}.Release|x64.ActiveCfg = Release|Any CPU
		{FF4AFA73-7717-D5F6-2F88-BFE0CC16261B}.Release|x64.Build.0 = Release|Any CPU
		{FF4AFA73-7717-D5F6-2F88-BFE0CC16261B}.Release|x86.ActiveCfg = Release|Any CPU
		{FF4AFA73-7717-D5F6-2F88-BFE0CC16261B}.Release|x86.Build.0 = Release|Any CPU
		{F3884D42-2063-CBCE-ED40-D72F6DB0FD6C}.Debug|Any CPU.ActiveCfg = Debug|Any CPU
		{F3884D42-2063-CBCE-ED40-D72F6DB0FD6C}.Debug|Any CPU.Build.0 = Debug|Any CPU
		{F3884D42-2063-CBCE-ED40-D72F6DB0FD6C}.Debug|x64.ActiveCfg = Debug|Any CPU
		{F3884D42-2063-CBCE-ED40-D72F6DB0FD6C}.Debug|x64.Build.0 = Debug|Any CPU
		{F3884D42-2063-CBCE-ED40-D72F6DB0FD6C}.Debug|x86.ActiveCfg = Debug|Any CPU
		{F3884D42-2063-CBCE-ED40-D72F6DB0FD6C}.Debug|x86.Build.0 = Debug|Any CPU
		{F3884D42-2063-CBCE-ED40-D72F6DB0FD6C}.Release|Any CPU.ActiveCfg = Release|Any CPU
		{F3884D42-2063-CBCE-ED40-D72F6DB0FD6C}.Release|Any CPU.Build.0 = Release|Any CPU
		{F3884D42-2063-CBCE-ED40-D72F6DB0FD6C}.Release|x64.ActiveCfg = Release|Any CPU
		{F3884D42-2063-CBCE-ED40-D72F6DB0FD6C}.Release|x64.Build.0 = Release|Any CPU
		{F3884D42-2063-CBCE-ED40-D72F6DB0FD6C}.Release|x86.ActiveCfg = Release|Any CPU
		{F3884D42-2063-CBCE-ED40-D72F6DB0FD6C}.Release|x86.Build.0 = Release|Any CPU
		{B3B7ED1A-E15A-4F35-92A6-2E65C0450397}.Debug|Any CPU.ActiveCfg = Debug|Any CPU
		{B3B7ED1A-E15A-4F35-92A6-2E65C0450397}.Debug|Any CPU.Build.0 = Debug|Any CPU
		{B3B7ED1A-E15A-4F35-92A6-2E65C0450397}.Debug|x64.ActiveCfg = Debug|Any CPU
		{B3B7ED1A-E15A-4F35-92A6-2E65C0450397}.Debug|x64.Build.0 = Debug|Any CPU
		{B3B7ED1A-E15A-4F35-92A6-2E65C0450397}.Debug|x86.ActiveCfg = Debug|Any CPU
		{B3B7ED1A-E15A-4F35-92A6-2E65C0450397}.Debug|x86.Build.0 = Debug|Any CPU
		{B3B7ED1A-E15A-4F35-92A6-2E65C0450397}.Release|Any CPU.ActiveCfg = Release|Any CPU
		{B3B7ED1A-E15A-4F35-92A6-2E65C0450397}.Release|Any CPU.Build.0 = Release|Any CPU
		{B3B7ED1A-E15A-4F35-92A6-2E65C0450397}.Release|x64.ActiveCfg = Release|Any CPU
		{B3B7ED1A-E15A-4F35-92A6-2E65C0450397}.Release|x64.Build.0 = Release|Any CPU
		{B3B7ED1A-E15A-4F35-92A6-2E65C0450397}.Release|x86.ActiveCfg = Release|Any CPU
		{B3B7ED1A-E15A-4F35-92A6-2E65C0450397}.Release|x86.Build.0 = Release|Any CPU
		{661ACB98-4789-4D5A-B695-6C3D39ED8C45}.Debug|Any CPU.ActiveCfg = Debug|Any CPU
		{661ACB98-4789-4D5A-B695-6C3D39ED8C45}.Debug|Any CPU.Build.0 = Debug|Any CPU
		{661ACB98-4789-4D5A-B695-6C3D39ED8C45}.Debug|x64.ActiveCfg = Debug|Any CPU
		{661ACB98-4789-4D5A-B695-6C3D39ED8C45}.Debug|x64.Build.0 = Debug|Any CPU
		{661ACB98-4789-4D5A-B695-6C3D39ED8C45}.Debug|x86.ActiveCfg = Debug|Any CPU
		{661ACB98-4789-4D5A-B695-6C3D39ED8C45}.Debug|x86.Build.0 = Debug|Any CPU
		{661ACB98-4789-4D5A-B695-6C3D39ED8C45}.Release|Any CPU.ActiveCfg = Release|Any CPU
		{661ACB98-4789-4D5A-B695-6C3D39ED8C45}.Release|Any CPU.Build.0 = Release|Any CPU
		{661ACB98-4789-4D5A-B695-6C3D39ED8C45}.Release|x64.ActiveCfg = Release|Any CPU
		{661ACB98-4789-4D5A-B695-6C3D39ED8C45}.Release|x64.Build.0 = Release|Any CPU
		{661ACB98-4789-4D5A-B695-6C3D39ED8C45}.Release|x86.ActiveCfg = Release|Any CPU
		{661ACB98-4789-4D5A-B695-6C3D39ED8C45}.Release|x86.Build.0 = Release|Any CPU
		{BEB7BEFD-E9B4-4F2A-AE2F-44F18C58323E}.Debug|Any CPU.ActiveCfg = Debug|Any CPU
		{BEB7BEFD-E9B4-4F2A-AE2F-44F18C58323E}.Debug|Any CPU.Build.0 = Debug|Any CPU
		{BEB7BEFD-E9B4-4F2A-AE2F-44F18C58323E}.Debug|x64.ActiveCfg = Debug|Any CPU
		{BEB7BEFD-E9B4-4F2A-AE2F-44F18C58323E}.Debug|x64.Build.0 = Debug|Any CPU
		{BEB7BEFD-E9B4-4F2A-AE2F-44F18C58323E}.Debug|x86.ActiveCfg = Debug|Any CPU
		{BEB7BEFD-E9B4-4F2A-AE2F-44F18C58323E}.Debug|x86.Build.0 = Debug|Any CPU
		{BEB7BEFD-E9B4-4F2A-AE2F-44F18C58323E}.Release|Any CPU.ActiveCfg = Release|Any CPU
		{BEB7BEFD-E9B4-4F2A-AE2F-44F18C58323E}.Release|Any CPU.Build.0 = Release|Any CPU
		{BEB7BEFD-E9B4-4F2A-AE2F-44F18C58323E}.Release|x64.ActiveCfg = Release|Any CPU
		{BEB7BEFD-E9B4-4F2A-AE2F-44F18C58323E}.Release|x64.Build.0 = Release|Any CPU
		{BEB7BEFD-E9B4-4F2A-AE2F-44F18C58323E}.Release|x86.ActiveCfg = Release|Any CPU
		{BEB7BEFD-E9B4-4F2A-AE2F-44F18C58323E}.Release|x86.Build.0 = Release|Any CPU
		{AC9CA70E-8616-716D-7BE5-5310DA71B7E2}.Debug|Any CPU.ActiveCfg = Debug|Any CPU
		{AC9CA70E-8616-716D-7BE5-5310DA71B7E2}.Debug|Any CPU.Build.0 = Debug|Any CPU
		{AC9CA70E-8616-716D-7BE5-5310DA71B7E2}.Debug|x64.ActiveCfg = Debug|Any CPU
		{AC9CA70E-8616-716D-7BE5-5310DA71B7E2}.Debug|x64.Build.0 = Debug|Any CPU
		{AC9CA70E-8616-716D-7BE5-5310DA71B7E2}.Debug|x86.ActiveCfg = Debug|Any CPU
		{AC9CA70E-8616-716D-7BE5-5310DA71B7E2}.Debug|x86.Build.0 = Debug|Any CPU
		{AC9CA70E-8616-716D-7BE5-5310DA71B7E2}.Release|Any CPU.ActiveCfg = Release|Any CPU
		{AC9CA70E-8616-716D-7BE5-5310DA71B7E2}.Release|Any CPU.Build.0 = Release|Any CPU
		{AC9CA70E-8616-716D-7BE5-5310DA71B7E2}.Release|x64.ActiveCfg = Release|Any CPU
		{AC9CA70E-8616-716D-7BE5-5310DA71B7E2}.Release|x64.Build.0 = Release|Any CPU
		{AC9CA70E-8616-716D-7BE5-5310DA71B7E2}.Release|x86.ActiveCfg = Release|Any CPU
		{AC9CA70E-8616-716D-7BE5-5310DA71B7E2}.Release|x86.Build.0 = Release|Any CPU
	EndGlobalSection
	GlobalSection(SolutionProperties) = preSolution
		HideSolutionNode = FALSE
	EndGlobalSection
	GlobalSection(NestedProjects) = preSolution
		{A1B2C3D4-1001-0001-0001-000000000001} = {A1B2C3D4-0001-0001-0001-000000000001}
		{A1B2C3D4-1002-0001-0001-000000000001} = {A1B2C3D4-0001-0001-0001-000000000001}
		{A1B2C3D4-1004-0001-0001-000000000001} = {A1B2C3D4-0001-0001-0001-000000000001}
		{A1B2C3D4-2001-0001-0001-000000000001} = {A1B2C3D4-0002-0001-0001-000000000001}
		{FF4AFA73-7717-D5F6-2F88-BFE0CC16261B} = {A1B2C3D4-0001-0001-0001-000000000001}
		{F3884D42-2063-CBCE-ED40-D72F6DB0FD6C} = {A1B2C3D4-0001-0001-0001-000000000001}
		{B3B7ED1A-E15A-4F35-92A6-2E65C0450397} = {A1B2C3D4-0001-0001-0001-000000000001}
		{661ACB98-4789-4D5A-B695-6C3D39ED8C45} = {A1B2C3D4-0001-0001-0001-000000000001}
		{BEB7BEFD-E9B4-4F2A-AE2F-44F18C58323E} = {A1B2C3D4-0002-0001-0001-000000000001}
		{AC9CA70E-8616-716D-7BE5-5310DA71B7E2} = {A1B2C3D4-0001-0001-0001-000000000001}
	EndGlobalSection
	GlobalSection(ExtensibilityGlobals) = postSolution
		SolutionGuid = {677821E9-5C68-4D33-893E-D3EF201DE9F7}
	EndGlobalSection
EndGlobal
